PODS:
  - Amplify (1.23.0):
    - Amplify/Default (= 1.23.0)
  - Amplify/Default (1.23.0)
  - amplify_auth_cognito_ios (0.0.1):
    - Amplify (= 1.23.0)
    - amplify_core
    - AmplifyPlugins/AWSCognitoAuthPlugin (= 1.23.0)
    - Flutter
    - ObjectMapper
  - amplify_core (0.0.1):
    - Flutter
    - SwiftFormat/CLI
    - SwiftLint
  - amplify_flutter_ios (0.0.1):
    - Amplify (= 1.23.0)
    - amplify_core
    - AmplifyPlugins/AWSCognitoAuthPlugin (= 1.23.0)
    - AWSPluginsCore (= 1.23.0)
    - Flutter
    - SwiftFormat/CLI
    - SwiftLint
  - AmplifyPlugins/AWSCognitoAuthPlugin (1.23.0):
    - AWSAuthCore (~> 2.27.0)
    - AWSCognitoIdentityProvider (~> 2.27.0)
    - AWSCognitoIdentityProviderASF (~> 2.27.0)
    - AWSCore (~> 2.27.0)
    - AWSMobileClient (~> 2.27.0)
    - AWSPluginsCore (= 1.23.0)
  - AWSAuthCore (2.27.10):
    - AWSCore (= 2.27.10)
  - AWSCognitoIdentityProvider (2.27.10):
    - AWSCognitoIdentityProviderASF (= 2.27.10)
    - AWSCore (= 2.27.10)
  - AWSCognitoIdentityProviderASF (2.27.10):
    - AWSCore (= 2.27.10)
  - AWSCore (2.27.10)
  - AWSMobileClient (2.27.10):
    - AWSAuthCore (= 2.27.10)
    - AWSCognitoIdentityProvider (= 2.27.10)
    - AWSCognitoIdentityProviderASF (= 2.27.10)
    - AWSCore (= 2.27.10)
  - AWSPluginsCore (1.23.0):
    - Amplify (= 1.23.0)
    - AWSCore (~> 2.27.0)
  - Flutter (1.0.0)
  - ObjectMapper (4.2.0)
  - SwiftFormat/CLI (0.49.9)
  - SwiftLint (0.47.1)

DEPENDENCIES:
  - amplify_auth_cognito_ios (from `.symlinks/plugins/amplify_auth_cognito_ios/ios`)
  - amplify_core (from `.symlinks/plugins/amplify_core/ios`)
  - amplify_flutter_ios (from `.symlinks/plugins/amplify_flutter_ios/ios`)
  - Flutter (from `Flutter`)

SPEC REPOS:
  trunk:
    - Amplify
    - AmplifyPlugins
    - AWSAuthCore
    - AWSCognitoIdentityProvider
    - AWSCognitoIdentityProviderASF
    - AWSCore
    - AWSMobileClient
    - AWSPluginsCore
    - ObjectMapper
    - SwiftFormat
    - SwiftLint

EXTERNAL SOURCES:
  amplify_auth_cognito_ios:
    :path: ".symlinks/plugins/amplify_auth_cognito_ios/ios"
  amplify_core:
    :path: ".symlinks/plugins/amplify_core/ios"
  amplify_flutter_ios:
    :path: ".symlinks/plugins/amplify_flutter_ios/ios"
  Flutter:
    :path: Flutter

SPEC CHECKSUMS:
  Amplify: 010d6a71db20812d9e3062db1fe827393d01e584
  amplify_auth_cognito_ios: c67d4bf0901717cb193f16ed24c389be7f4d7daf
  amplify_core: e67fe0c53845db08aced670bfc7370b1329d2798
  amplify_flutter_ios: a2cf41c13161ffefedab76055a29b2d4e78c91e8
  AmplifyPlugins: d939707cf36dfcd53c5fd6533e842e323a2287ab
  AWSAuthCore: ea9baff143a5ff4a98cea3954b006cedc96cd47e
  AWSCognitoIdentityProvider: 7ef13d7a86298db707165208f01b92997cc3b5af
  AWSCognitoIdentityProviderASF: d745c40a37815ef1c547f9677145d4e522f582f3
  AWSCore: dbad318b7ff0fd86fb8387d3ad1f30049c05bc58
  AWSMobileClient: 523cdb04d21cfd7523eb8db77b2fa2a00b6a95b4
  AWSPluginsCore: 120cfa265293694921b6595fe00d1cb5ab558847
  Flutter: 50d75fe2f02b26cc09d224853bb45737f8b3214a
  ObjectMapper: 1eb41f610210777375fa806bf161dc39fb832b81
  SwiftFormat: 016c15401d06959ef9f81d7956462e91f55b8ac5
  SwiftLint: f80f1be7fa96d30e0aa68e58d45d4ea1ccaac519

PODFILE CHECKSUM: 7368163408c647b7eb699d0d788ba6718e18fb8d

COCOAPODS: 1.11.3
